
Microsoft Visual Studio Solution File, Format Version 12.00
# Visual Studio 15
VisualStudioVersion = 15.0.28307.168
MinimumVisualStudioVersion = 10.0.40219.1
Project("{FAE04EC0-301F-11D3-BF4B-00C04F79EFBC}") = "ConsoleApp2", "ConsoleApp2\ConsoleApp2.csproj", "{D132E38E-7CAA-4B0F-AFA3-C2BEAD3C2BAE}"
EndProject
Global
	GlobalSection(SolutionConfigurationPlatforms) = preSolution
		Debug|Any CPU = Debug|Any CPU
		Release|Any CPU = Release|Any CPU
	EndGlobalSection
	GlobalSection(ProjectConfigurationPlatforms) = postSolution
		{D132E38E-7CAA-4B0F-AFA3-C2BEAD3C2BAE}.Debug|Any CPU.ActiveCfg = Debug|Any CPU
		{D132E38E-7CAA-4B0F-AFA3-C2BEAD3C2BAE}.Debug|Any CPU.Build.0 = Debug|Any CPU
		{D132E38E-7CAA-4B0F-AFA3-C2BEAD3C2BAE}.Release|Any CPU.ActiveCfg = Release|Any CPU
		{D132E38E-7CAA-4B0F-AFA3-C2BEAD3C2BAE}.Release|Any CPU.Build.0 = Release|Any CPU
	EndGlobalSection
	GlobalSection(SolutionProperties) = preSolution
		HideSolutionNode = FALSE
	EndGlobalSection
	GlobalSection(ExtensibilityGlobals) = postSolution
		SolutionGuid = {58D93C85-BDCD-4537-9454-AEE15D960221}
	EndGlobalSection
EndGlobal
